{
  "version": 4,
  "terraform_version": "1.1.7",
  "serial": 112,
  "lineage": "4706ea9d-0bd8-a9b7-c9ee-54bfab9c33c6",
  "outputs": {},
  "resources": [
    {
      "module": "module.security_vpc",
      "mode": "managed",
      "type": "aws_security_group",
      "name": "this",
      "provider": "provider[\"registry.terraform.io/hashicorp/aws\"]",
      "instances": [
        {
          "index_key": "vmseries_mgmt",
          "schema_version": 1,
          "attributes": {
            "arn": "arn:aws:ec2:us-east-1:274555839345:security-group/sg-06a7704c8e0fb708f",
            "description": "Managed by Terraform",
            "egress": [
              {
                "cidr_blocks": [
                  "0.0.0.0/0"
                ],
                "description": "Permit All traffic outbound",
                "from_port": 0,
                "ipv6_cidr_blocks": [],
                "prefix_list_ids": [],
                "protocol": "-1",
                "security_groups": [],
                "self": false,
                "to_port": 0
              }
            ],
            "id": "sg-06a7704c8e0fb708f",
            "ingress": [
              {
                "cidr_blocks": [
                  "0.0.0.0/0"
                ],
                "description": "Permit HTTPS",
                "from_port": 443,
                "ipv6_cidr_blocks": [],
                "prefix_list_ids": [],
                "protocol": "tcp",
                "security_groups": [],
                "self": false,
                "to_port": 443
              },
              {
                "cidr_blocks": [
                  "0.0.0.0/0"
                ],
                "description": "Permit SSH",
                "from_port": 22,
                "ipv6_cidr_blocks": [],
                "prefix_list_ids": [],
                "protocol": "tcp",
                "security_groups": [],
                "self": false,
                "to_port": 22
              }
            ],
            "name": "vmseries_mgmt",
            "name_prefix": "",
            "owner_id": "274555839345",
            "revoke_rules_on_delete": false,
            "tags": {
              "Name": "vmseries_mgmt"
            },
            "tags_all": {
              "Name": "vmseries_mgmt"
            },
            "timeouts": null,
            "vpc_id": "vpc-03089c516f642f31f"
          },
          "sensitive_attributes": [],
          "private": "eyJlMmJmYjczMC1lY2FhLTExZTYtOGY4OC0zNDM2M2JjN2M0YzAiOnsiY3JlYXRlIjo2MDAwMDAwMDAwMDAsImRlbGV0ZSI6OTAwMDAwMDAwMDAwfSwic2NoZW1hX3ZlcnNpb24iOiIxIn0=",
          "dependencies": [
            "module.security_vpc.aws_vpc.this",
            "module.security_vpc.data.aws_vpc.this"
          ],
          "create_before_destroy": true
        }
      ]
    },
    {
      "module": "module.security_vpc",
      "mode": "managed",
      "type": "aws_vpc",
      "name": "this",
      "provider": "provider[\"registry.terraform.io/hashicorp/aws\"]",
      "instances": [
        {
          "index_key": 0,
          "schema_version": 1,
          "attributes": {
            "arn": "arn:aws:ec2:us-east-1:274555839345:vpc/vpc-03089c516f642f31f",
            "assign_generated_ipv6_cidr_block": false,
            "cidr_block": "10.100.0.0/16",
            "default_network_acl_id": "acl-02f39c09ce50d2a8f",
            "default_route_table_id": "rtb-0af5149294ead0d73",
            "default_security_group_id": "sg-0486d85ea26d2851c",
            "dhcp_options_id": "dopt-0f288d9e201f18a2f",
            "enable_classiclink": false,
            "enable_classiclink_dns_support": false,
            "enable_dns_hostnames": true,
            "enable_dns_support": true,
            "id": "vpc-03089c516f642f31f",
            "instance_tenancy": "default",
            "ipv4_ipam_pool_id": null,
            "ipv4_netmask_length": null,
            "ipv6_association_id": "",
            "ipv6_cidr_block": "",
            "ipv6_cidr_block_network_border_group": "",
            "ipv6_ipam_pool_id": "",
            "ipv6_netmask_length": 0,
            "main_route_table_id": "rtb-0af5149294ead0d73",
            "owner_id": "274555839345",
            "tags": {
              "Name": "security-vpc-example"
            },
            "tags_all": {
              "Name": "security-vpc-example"
            }
          },
          "sensitive_attributes": [],
          "private": "eyJzY2hlbWFfdmVyc2lvbiI6IjEifQ==",
          "create_before_destroy": true
        }
      ]
    }
  ]
}
